// !$*UTF8*$!
{
	archiveVersion = 1;
	classes = {
	};
	objectVersion = 56;
	objects = {

/* Begin PBXBuildFile section */
		561E6C6F2C3706A8000C2367 /* DishesCollectionViewCell.swift in Sources */ = {isa = PBXBuildFile; fileRef = 561E6C6D2C3706A8000C2367 /* DishesCollectionViewCell.swift */; };
		561E6C702C3706A8000C2367 /* DishesCollectionViewCell.xib in Resources */ = {isa = PBXBuildFile; fileRef = 561E6C6E2C3706A8000C2367 /* DishesCollectionViewCell.xib */; };
		5648804D2C360969002CBEDF /* CategoryCollectionViewCell.swift in Sources */ = {isa = PBXBuildFile; fileRef = 5648804B2C360969002CBEDF /* CategoryCollectionViewCell.swift */; };
		5648804E2C360969002CBEDF /* CategoryCollectionViewCell.xib in Resources */ = {isa = PBXBuildFile; fileRef = 5648804C2C360969002CBEDF /* CategoryCollectionViewCell.xib */; };
		564880512C360AFD002CBEDF /* DishCategoryModel.swift in Sources */ = {isa = PBXBuildFile; fileRef = 564880502C360AFD002CBEDF /* DishCategoryModel.swift */; };
		564880532C36106E002CBEDF /* String+Extension.swift in Sources */ = {isa = PBXBuildFile; fileRef = 564880522C36106E002CBEDF /* String+Extension.swift */; };
		564880562C36170A002CBEDF /* CardView.swift in Sources */ = {isa = PBXBuildFile; fileRef = 564880552C36170A002CBEDF /* CardView.swift */; };
		5648805A2C361E0C002CBEDF /* AppCommon.swift in Sources */ = {isa = PBXBuildFile; fileRef = 564880592C361E0C002CBEDF /* AppCommon.swift */; };
		5648805C2C361E35002CBEDF /* NetworkError.swift in Sources */ = {isa = PBXBuildFile; fileRef = 5648805B2C361E35002CBEDF /* NetworkError.swift */; };
		5648805E2C361EAD002CBEDF /* APIClient.swift in Sources */ = {isa = PBXBuildFile; fileRef = 5648805D2C361EAD002CBEDF /* APIClient.swift */; };
		564880602C361EC2002CBEDF /* K.swift in Sources */ = {isa = PBXBuildFile; fileRef = 5648805F2C361EC2002CBEDF /* K.swift */; };
		564880622C361ED0002CBEDF /* APIRouter.swift in Sources */ = {isa = PBXBuildFile; fileRef = 564880612C361ED0002CBEDF /* APIRouter.swift */; };
		564880662C3620F3002CBEDF /* HomeViewModel.swift in Sources */ = {isa = PBXBuildFile; fileRef = 564880652C3620F3002CBEDF /* HomeViewModel.swift */; };
		565757B92C374A8900463FCB /* ChefSpecialCollectionViewCell.swift in Sources */ = {isa = PBXBuildFile; fileRef = 565757B72C374A8900463FCB /* ChefSpecialCollectionViewCell.swift */; };
		565757BA2C374A8900463FCB /* ChefSpecialCollectionViewCell.xib in Resources */ = {isa = PBXBuildFile; fileRef = 565757B82C374A8900463FCB /* ChefSpecialCollectionViewCell.xib */; };
		565757BD2C3764E800463FCB /* MealDetailViewController.swift in Sources */ = {isa = PBXBuildFile; fileRef = 565757BC2C3764E800463FCB /* MealDetailViewController.swift */; };
		565757BF2C3766A400463FCB /* UIViewController+Extension.swift in Sources */ = {isa = PBXBuildFile; fileRef = 565757BE2C3766A400463FCB /* UIViewController+Extension.swift */; };
		565757C22C3769D900463FCB /* MealDetailViewModel.swift in Sources */ = {isa = PBXBuildFile; fileRef = 565757C12C3769D900463FCB /* MealDetailViewModel.swift */; };
		5675AB4B2C3836BB004BEF2C /* MealTableViewCell.swift in Sources */ = {isa = PBXBuildFile; fileRef = 5675AB492C3836BB004BEF2C /* MealTableViewCell.swift */; };
		5675AB4C2C3836BB004BEF2C /* MealTableViewCell.xib in Resources */ = {isa = PBXBuildFile; fileRef = 5675AB4A2C3836BB004BEF2C /* MealTableViewCell.xib */; };
		5675AB4F2C383B2F004BEF2C /* ListDishesViewController.swift in Sources */ = {isa = PBXBuildFile; fileRef = 5675AB4E2C383B2F004BEF2C /* ListDishesViewController.swift */; };
		56AA4A482C35907200F2A0B0 /* AppDelegate.swift in Sources */ = {isa = PBXBuildFile; fileRef = 56AA4A472C35907200F2A0B0 /* AppDelegate.swift */; };
		56AA4A4A2C35907200F2A0B0 /* SceneDelegate.swift in Sources */ = {isa = PBXBuildFile; fileRef = 56AA4A492C35907200F2A0B0 /* SceneDelegate.swift */; };
		56AA4A4F2C35907200F2A0B0 /* Main.storyboard in Resources */ = {isa = PBXBuildFile; fileRef = 56AA4A4D2C35907200F2A0B0 /* Main.storyboard */; };
		56AA4A522C35907200F2A0B0 /* Yummie.xcdatamodeld in Sources */ = {isa = PBXBuildFile; fileRef = 56AA4A502C35907200F2A0B0 /* Yummie.xcdatamodeld */; };
		56AA4A542C35907300F2A0B0 /* Assets.xcassets in Resources */ = {isa = PBXBuildFile; fileRef = 56AA4A532C35907300F2A0B0 /* Assets.xcassets */; };
		56AA4A572C35907300F2A0B0 /* LaunchScreen.storyboard in Resources */ = {isa = PBXBuildFile; fileRef = 56AA4A552C35907300F2A0B0 /* LaunchScreen.storyboard */; };
		56AA4A632C359B9E00F2A0B0 /* OnboardingViewController.swift in Sources */ = {isa = PBXBuildFile; fileRef = 56AA4A622C359B9E00F2A0B0 /* OnboardingViewController.swift */; };
		56AA4A662C359EB400F2A0B0 /* UIView+Extension.swift in Sources */ = {isa = PBXBuildFile; fileRef = 56AA4A652C359EB400F2A0B0 /* UIView+Extension.swift */; };
		56AA4A692C35A1DF00F2A0B0 /* OnboardingSlide.swift in Sources */ = {isa = PBXBuildFile; fileRef = 56AA4A682C35A1DF00F2A0B0 /* OnboardingSlide.swift */; };
		56AA4A6B2C35A49F00F2A0B0 /* OnboardingCollectionViewCell.swift in Sources */ = {isa = PBXBuildFile; fileRef = 56AA4A6A2C35A49F00F2A0B0 /* OnboardingCollectionViewCell.swift */; };
		56AA4A6E2C35B87E00F2A0B0 /* HomeViewController.swift in Sources */ = {isa = PBXBuildFile; fileRef = 56AA4A6D2C35B87E00F2A0B0 /* HomeViewController.swift */; };
		EAB812C859296AFA306BC1C3 /* Pods_Yummie.framework in Frameworks */ = {isa = PBXBuildFile; fileRef = C5D28CA06AD073125B2277B8 /* Pods_Yummie.framework */; };
/* End PBXBuildFile section */

/* Begin PBXFileReference section */
		561E6C6D2C3706A8000C2367 /* DishesCollectionViewCell.swift */ = {isa = PBXFileReference; lastKnownFileType = sourcecode.swift; path = DishesCollectionViewCell.swift; sourceTree = "<group>"; };
		561E6C6E2C3706A8000C2367 /* DishesCollectionViewCell.xib */ = {isa = PBXFileReference; lastKnownFileType = file.xib; path = DishesCollectionViewCell.xib; sourceTree = "<group>"; };
		5648804B2C360969002CBEDF /* CategoryCollectionViewCell.swift */ = {isa = PBXFileReference; lastKnownFileType = sourcecode.swift; path = CategoryCollectionViewCell.swift; sourceTree = "<group>"; };
		5648804C2C360969002CBEDF /* CategoryCollectionViewCell.xib */ = {isa = PBXFileReference; lastKnownFileType = file.xib; path = CategoryCollectionViewCell.xib; sourceTree = "<group>"; };
		564880502C360AFD002CBEDF /* DishCategoryModel.swift */ = {isa = PBXFileReference; lastKnownFileType = sourcecode.swift; path = DishCategoryModel.swift; sourceTree = "<group>"; };
		564880522C36106E002CBEDF /* String+Extension.swift */ = {isa = PBXFileReference; lastKnownFileType = sourcecode.swift; path = "String+Extension.swift"; sourceTree = "<group>"; };
		564880552C36170A002CBEDF /* CardView.swift */ = {isa = PBXFileReference; lastKnownFileType = sourcecode.swift; path = CardView.swift; sourceTree = "<group>"; };
		564880592C361E0C002CBEDF /* AppCommon.swift */ = {isa = PBXFileReference; lastKnownFileType = sourcecode.swift; path = AppCommon.swift; sourceTree = "<group>"; };
		5648805B2C361E35002CBEDF /* NetworkError.swift */ = {isa = PBXFileReference; lastKnownFileType = sourcecode.swift; path = NetworkError.swift; sourceTree = "<group>"; };
		5648805D2C361EAD002CBEDF /* APIClient.swift */ = {isa = PBXFileReference; lastKnownFileType = sourcecode.swift; path = APIClient.swift; sourceTree = "<group>"; };
		5648805F2C361EC2002CBEDF /* K.swift */ = {isa = PBXFileReference; lastKnownFileType = sourcecode.swift; path = K.swift; sourceTree = "<group>"; };
		564880612C361ED0002CBEDF /* APIRouter.swift */ = {isa = PBXFileReference; lastKnownFileType = sourcecode.swift; path = APIRouter.swift; sourceTree = "<group>"; };
		564880652C3620F3002CBEDF /* HomeViewModel.swift */ = {isa = PBXFileReference; lastKnownFileType = sourcecode.swift; path = HomeViewModel.swift; sourceTree = "<group>"; };
		565757B72C374A8900463FCB /* ChefSpecialCollectionViewCell.swift */ = {isa = PBXFileReference; lastKnownFileType = sourcecode.swift; path = ChefSpecialCollectionViewCell.swift; sourceTree = "<group>"; };
		565757B82C374A8900463FCB /* ChefSpecialCollectionViewCell.xib */ = {isa = PBXFileReference; lastKnownFileType = file.xib; path = ChefSpecialCollectionViewCell.xib; sourceTree = "<group>"; };
		565757BC2C3764E800463FCB /* MealDetailViewController.swift */ = {isa = PBXFileReference; lastKnownFileType = sourcecode.swift; path = MealDetailViewController.swift; sourceTree = "<group>"; };
		565757BE2C3766A400463FCB /* UIViewController+Extension.swift */ = {isa = PBXFileReference; lastKnownFileType = sourcecode.swift; path = "UIViewController+Extension.swift"; sourceTree = "<group>"; };
		565757C12C3769D900463FCB /* MealDetailViewModel.swift */ = {isa = PBXFileReference; lastKnownFileType = sourcecode.swift; path = MealDetailViewModel.swift; sourceTree = "<group>"; };
		5675AB492C3836BB004BEF2C /* MealTableViewCell.swift */ = {isa = PBXFileReference; lastKnownFileType = sourcecode.swift; path = MealTableViewCell.swift; sourceTree = "<group>"; };
		5675AB4A2C3836BB004BEF2C /* MealTableViewCell.xib */ = {isa = PBXFileReference; lastKnownFileType = file.xib; path = MealTableViewCell.xib; sourceTree = "<group>"; };
		5675AB4E2C383B2F004BEF2C /* ListDishesViewController.swift */ = {isa = PBXFileReference; lastKnownFileType = sourcecode.swift; path = ListDishesViewController.swift; sourceTree = "<group>"; };
		56AA4A442C35907200F2A0B0 /* Yummie.app */ = {isa = PBXFileReference; explicitFileType = wrapper.application; includeInIndex = 0; path = Yummie.app; sourceTree = BUILT_PRODUCTS_DIR; };
		56AA4A472C35907200F2A0B0 /* AppDelegate.swift */ = {isa = PBXFileReference; lastKnownFileType = sourcecode.swift; path = AppDelegate.swift; sourceTree = "<group>"; };
		56AA4A492C35907200F2A0B0 /* SceneDelegate.swift */ = {isa = PBXFileReference; lastKnownFileType = sourcecode.swift; path = SceneDelegate.swift; sourceTree = "<group>"; };
		56AA4A4E2C35907200F2A0B0 /* Base */ = {isa = PBXFileReference; lastKnownFileType = file.storyboard; name = Base; path = Base.lproj/Main.storyboard; sourceTree = "<group>"; };
		56AA4A512C35907200F2A0B0 /* Yummie.xcdatamodel */ = {isa = PBXFileReference; lastKnownFileType = wrapper.xcdatamodel; path = Yummie.xcdatamodel; sourceTree = "<group>"; };
		56AA4A532C35907300F2A0B0 /* Assets.xcassets */ = {isa = PBXFileReference; lastKnownFileType = folder.assetcatalog; path = Assets.xcassets; sourceTree = "<group>"; };
		56AA4A562C35907300F2A0B0 /* Base */ = {isa = PBXFileReference; lastKnownFileType = file.storyboard; name = Base; path = Base.lproj/LaunchScreen.storyboard; sourceTree = "<group>"; };
		56AA4A582C35907300F2A0B0 /* Info.plist */ = {isa = PBXFileReference; lastKnownFileType = text.plist.xml; path = Info.plist; sourceTree = "<group>"; };
		56AA4A622C359B9E00F2A0B0 /* OnboardingViewController.swift */ = {isa = PBXFileReference; lastKnownFileType = sourcecode.swift; path = OnboardingViewController.swift; sourceTree = "<group>"; };
		56AA4A652C359EB400F2A0B0 /* UIView+Extension.swift */ = {isa = PBXFileReference; lastKnownFileType = sourcecode.swift; path = "UIView+Extension.swift"; sourceTree = "<group>"; };
		56AA4A682C35A1DF00F2A0B0 /* OnboardingSlide.swift */ = {isa = PBXFileReference; lastKnownFileType = sourcecode.swift; path = OnboardingSlide.swift; sourceTree = "<group>"; };
		56AA4A6A2C35A49F00F2A0B0 /* OnboardingCollectionViewCell.swift */ = {isa = PBXFileReference; lastKnownFileType = sourcecode.swift; path = OnboardingCollectionViewCell.swift; sourceTree = "<group>"; };
		56AA4A6D2C35B87E00F2A0B0 /* HomeViewController.swift */ = {isa = PBXFileReference; lastKnownFileType = sourcecode.swift; path = HomeViewController.swift; sourceTree = "<group>"; };
		C5D28CA06AD073125B2277B8 /* Pods_Yummie.framework */ = {isa = PBXFileReference; explicitFileType = wrapper.framework; includeInIndex = 0; path = Pods_Yummie.framework; sourceTree = BUILT_PRODUCTS_DIR; };
		EEF87ECB783CC4C89298360C /* Pods-Yummie.release.xcconfig */ = {isa = PBXFileReference; includeInIndex = 1; lastKnownFileType = text.xcconfig; name = "Pods-Yummie.release.xcconfig"; path = "Target Support Files/Pods-Yummie/Pods-Yummie.release.xcconfig"; sourceTree = "<group>"; };
		EF6E99E1397E4B885EF6DD93 /* Pods-Yummie.debug.xcconfig */ = {isa = PBXFileReference; includeInIndex = 1; lastKnownFileType = text.xcconfig; name = "Pods-Yummie.debug.xcconfig"; path = "Target Support Files/Pods-Yummie/Pods-Yummie.debug.xcconfig"; sourceTree = "<group>"; };
/* End PBXFileReference section */

/* Begin PBXFrameworksBuildPhase section */
		56AA4A412C35907200F2A0B0 /* Frameworks */ = {
			isa = PBXFrameworksBuildPhase;
			buildActionMask = 2147483647;
			files = (
				EAB812C859296AFA306BC1C3 /* Pods_Yummie.framework in Frameworks */,
			);
			runOnlyForDeploymentPostprocessing = 0;
		};
/* End PBXFrameworksBuildPhase section */

/* Begin PBXGroup section */
		561E6C6C2C370683000C2367 /* PopularDishesCollectionViewCell */ = {
			isa = PBXGroup;
			children = (
				561E6C6D2C3706A8000C2367 /* DishesCollectionViewCell.swift */,
				561E6C6E2C3706A8000C2367 /* DishesCollectionViewCell.xib */,
			);
			path = PopularDishesCollectionViewCell;
			sourceTree = "<group>";
		};
		564880492C360910002CBEDF /* CollectionViewCells */ = {
			isa = PBXGroup;
			children = (
				565757B62C374A7100463FCB /* ChefSpecialDishCollectionViewCell */,
				561E6C6C2C370683000C2367 /* PopularDishesCollectionViewCell */,
				5648804A2C360924002CBEDF /* CategoryCollectionViewCell */,
			);
			path = CollectionViewCells;
			sourceTree = "<group>";
		};
		5648804A2C360924002CBEDF /* CategoryCollectionViewCell */ = {
			isa = PBXGroup;
			children = (
				5648804B2C360969002CBEDF /* CategoryCollectionViewCell.swift */,
				5648804C2C360969002CBEDF /* CategoryCollectionViewCell.xib */,
			);
			path = CategoryCollectionViewCell;
			sourceTree = "<group>";
		};
		5648804F2C360AF1002CBEDF /* DishCategoryModel */ = {
			isa = PBXGroup;
			children = (
				564880502C360AFD002CBEDF /* DishCategoryModel.swift */,
			);
			path = DishCategoryModel;
			sourceTree = "<group>";
		};
		564880542C3616F9002CBEDF /* CardView */ = {
			isa = PBXGroup;
			children = (
				564880552C36170A002CBEDF /* CardView.swift */,
			);
			path = CardView;
			sourceTree = "<group>";
		};
		564880572C361D53002CBEDF /* NetworkLayer */ = {
			isa = PBXGroup;
			children = (
				5648805B2C361E35002CBEDF /* NetworkError.swift */,
				5648805D2C361EAD002CBEDF /* APIClient.swift */,
				5648805F2C361EC2002CBEDF /* K.swift */,
				564880612C361ED0002CBEDF /* APIRouter.swift */,
			);
			path = NetworkLayer;
			sourceTree = "<group>";
		};
		564880582C361DD2002CBEDF /* App */ = {
			isa = PBXGroup;
			children = (
				56AA4A472C35907200F2A0B0 /* AppDelegate.swift */,
				56AA4A492C35907200F2A0B0 /* SceneDelegate.swift */,
				564880592C361E0C002CBEDF /* AppCommon.swift */,
			);
			path = App;
			sourceTree = "<group>";
		};
		564880632C3620D7002CBEDF /* ViewModel */ = {
			isa = PBXGroup;
			children = (
				565757C02C3769CD00463FCB /* MealDetailViewModel */,
				564880642C3620E8002CBEDF /* HomeViewModel */,
			);
			path = ViewModel;
			sourceTree = "<group>";
		};
		564880642C3620E8002CBEDF /* HomeViewModel */ = {
			isa = PBXGroup;
			children = (
				564880652C3620F3002CBEDF /* HomeViewModel.swift */,
			);
			path = HomeViewModel;
			sourceTree = "<group>";
		};
		565757B62C374A7100463FCB /* ChefSpecialDishCollectionViewCell */ = {
			isa = PBXGroup;
			children = (
				565757B72C374A8900463FCB /* ChefSpecialCollectionViewCell.swift */,
				565757B82C374A8900463FCB /* ChefSpecialCollectionViewCell.xib */,
			);
			path = ChefSpecialDishCollectionViewCell;
			sourceTree = "<group>";
		};
		565757BB2C3764CB00463FCB /* MealDetail */ = {
			isa = PBXGroup;
			children = (
				565757BC2C3764E800463FCB /* MealDetailViewController.swift */,
			);
			path = MealDetail;
			sourceTree = "<group>";
		};
		565757C02C3769CD00463FCB /* MealDetailViewModel */ = {
			isa = PBXGroup;
			children = (
				565757C12C3769D900463FCB /* MealDetailViewModel.swift */,
			);
			path = MealDetailViewModel;
			sourceTree = "<group>";
		};
		5675AB482C383450004BEF2C /* TableViewCells */ = {
			isa = PBXGroup;
			children = (
				5675AB492C3836BB004BEF2C /* MealTableViewCell.swift */,
				5675AB4A2C3836BB004BEF2C /* MealTableViewCell.xib */,
			);
			path = TableViewCells;
			sourceTree = "<group>";
		};
		5675AB4D2C383AED004BEF2C /* ListDishes */ = {
			isa = PBXGroup;
			children = (
				5675AB4E2C383B2F004BEF2C /* ListDishesViewController.swift */,
			);
			path = ListDishes;
			sourceTree = "<group>";
		};
		56AA4A3B2C35907100F2A0B0 = {
			isa = PBXGroup;
			children = (
				56AA4A462C35907200F2A0B0 /* Yummie */,
				56AA4A452C35907200F2A0B0 /* Products */,
				705C77DDB52D09B89A45823C /* Pods */,
				89B0A74A24CADEBC0DB38080 /* Frameworks */,
			);
			sourceTree = "<group>";
		};
		56AA4A452C35907200F2A0B0 /* Products */ = {
			isa = PBXGroup;
			children = (
				56AA4A442C35907200F2A0B0 /* Yummie.app */,
			);
			name = Products;
			sourceTree = "<group>";
		};
		56AA4A462C35907200F2A0B0 /* Yummie */ = {
			isa = PBXGroup;
			children = (
				564880582C361DD2002CBEDF /* App */,
				564880572C361D53002CBEDF /* NetworkLayer */,
				564880632C3620D7002CBEDF /* ViewModel */,
				56AA4A5F2C359B5C00F2A0B0 /* Views */,
				56AA4A5E2C359B5800F2A0B0 /* Models */,
				56AA4A532C35907300F2A0B0 /* Assets.xcassets */,
				56AA4A582C35907300F2A0B0 /* Info.plist */,
				56AA4A502C35907200F2A0B0 /* Yummie.xcdatamodeld */,
			);
			path = Yummie;
			sourceTree = "<group>";
		};
		56AA4A5E2C359B5800F2A0B0 /* Models */ = {
			isa = PBXGroup;
			children = (
				5648804F2C360AF1002CBEDF /* DishCategoryModel */,
				56AA4A672C35A1CA00F2A0B0 /* OnboardingModel */,
			);
			path = Models;
			sourceTree = "<group>";
		};
		56AA4A5F2C359B5C00F2A0B0 /* Views */ = {
			isa = PBXGroup;
			children = (
				5675AB4D2C383AED004BEF2C /* ListDishes */,
				565757BB2C3764CB00463FCB /* MealDetail */,
				56AA4A6C2C35B87000F2A0B0 /* Home */,
				56AA4A642C359E9F00F2A0B0 /* Extensions */,
				56AA4A612C359B6800F2A0B0 /* Onboarding */,
				56AA4A602C359B6200F2A0B0 /* CustomViews */,
				56AA4A4D2C35907200F2A0B0 /* Main.storyboard */,
				56AA4A552C35907300F2A0B0 /* LaunchScreen.storyboard */,
			);
			path = Views;
			sourceTree = "<group>";
		};
		56AA4A602C359B6200F2A0B0 /* CustomViews */ = {
			isa = PBXGroup;
			children = (
				5675AB482C383450004BEF2C /* TableViewCells */,
				564880542C3616F9002CBEDF /* CardView */,
				564880492C360910002CBEDF /* CollectionViewCells */,
			);
			path = CustomViews;
			sourceTree = "<group>";
		};
		56AA4A612C359B6800F2A0B0 /* Onboarding */ = {
			isa = PBXGroup;
			children = (
				56AA4A622C359B9E00F2A0B0 /* OnboardingViewController.swift */,
				56AA4A6A2C35A49F00F2A0B0 /* OnboardingCollectionViewCell.swift */,
			);
			path = Onboarding;
			sourceTree = "<group>";
		};
		56AA4A642C359E9F00F2A0B0 /* Extensions */ = {
			isa = PBXGroup;
			children = (
				56AA4A652C359EB400F2A0B0 /* UIView+Extension.swift */,
				564880522C36106E002CBEDF /* String+Extension.swift */,
				565757BE2C3766A400463FCB /* UIViewController+Extension.swift */,
			);
			path = Extensions;
			sourceTree = "<group>";
		};
		56AA4A672C35A1CA00F2A0B0 /* OnboardingModel */ = {
			isa = PBXGroup;
			children = (
				56AA4A682C35A1DF00F2A0B0 /* OnboardingSlide.swift */,
			);
			path = OnboardingModel;
			sourceTree = "<group>";
		};
		56AA4A6C2C35B87000F2A0B0 /* Home */ = {
			isa = PBXGroup;
			children = (
				56AA4A6D2C35B87E00F2A0B0 /* HomeViewController.swift */,
			);
			path = Home;
			sourceTree = "<group>";
		};
		705C77DDB52D09B89A45823C /* Pods */ = {
			isa = PBXGroup;
			children = (
				EF6E99E1397E4B885EF6DD93 /* Pods-Yummie.debug.xcconfig */,
				EEF87ECB783CC4C89298360C /* Pods-Yummie.release.xcconfig */,
			);
			path = Pods;
			sourceTree = "<group>";
		};
		89B0A74A24CADEBC0DB38080 /* Frameworks */ = {
			isa = PBXGroup;
			children = (
				C5D28CA06AD073125B2277B8 /* Pods_Yummie.framework */,
			);
			name = Frameworks;
			sourceTree = "<group>";
		};
/* End PBXGroup section */

/* Begin PBXNativeTarget section */
		56AA4A432C35907200F2A0B0 /* Yummie */ = {
			isa = PBXNativeTarget;
			buildConfigurationList = 56AA4A5B2C35907300F2A0B0 /* Build configuration list for PBXNativeTarget "Yummie" */;
			buildPhases = (
				3A0B5F786FF4EEE06A55A751 /* [CP] Check Pods Manifest.lock */,
				56AA4A402C35907200F2A0B0 /* Sources */,
				56AA4A412C35907200F2A0B0 /* Frameworks */,
				56AA4A422C35907200F2A0B0 /* Resources */,
				ABC8070321F7418A64900BE5 /* [CP] Embed Pods Frameworks */,
			);
			buildRules = (
			);
			dependencies = (
			);
			name = Yummie;
			productName = Yummie;
			productReference = 56AA4A442C35907200F2A0B0 /* Yummie.app */;
			productType = "com.apple.product-type.application";
		};
/* End PBXNativeTarget section */

/* Begin PBXProject section */
		56AA4A3C2C35907200F2A0B0 /* Project object */ = {
			isa = PBXProject;
			attributes = {
				BuildIndependentTargetsInParallel = 1;
				LastSwiftUpdateCheck = 1420;
				LastUpgradeCheck = 1420;
				TargetAttributes = {
					56AA4A432C35907200F2A0B0 = {
						CreatedOnToolsVersion = 14.2;
					};
				};
			};
			buildConfigurationList = 56AA4A3F2C35907200F2A0B0 /* Build configuration list for PBXProject "Yummie" */;
			compatibilityVersion = "Xcode 14.0";
			developmentRegion = en;
			hasScannedForEncodings = 0;
			knownRegions = (
				en,
				Base,
			);
			mainGroup = 56AA4A3B2C35907100F2A0B0;
			productRefGroup = 56AA4A452C35907200F2A0B0 /* Products */;
			projectDirPath = "";
			projectRoot = "";
			targets = (
				56AA4A432C35907200F2A0B0 /* Yummie */,
			);
		};
/* End PBXProject section */

/* Begin PBXResourcesBuildPhase section */
		56AA4A422C35907200F2A0B0 /* Resources */ = {
			isa = PBXResourcesBuildPhase;
			buildActionMask = 2147483647;
			files = (
				5648804E2C360969002CBEDF /* CategoryCollectionViewCell.xib in Resources */,
				56AA4A572C35907300F2A0B0 /* LaunchScreen.storyboard in Resources */,
				56AA4A542C35907300F2A0B0 /* Assets.xcassets in Resources */,
				56AA4A4F2C35907200F2A0B0 /* Main.storyboard in Resources */,
				5675AB4C2C3836BB004BEF2C /* MealTableViewCell.xib in Resources */,
				565757BA2C374A8900463FCB /* ChefSpecialCollectionViewCell.xib in Resources */,
				561E6C702C3706A8000C2367 /* DishesCollectionViewCell.xib in Resources */,
			);
			runOnlyForDeploymentPostprocessing = 0;
		};
/* End PBXResourcesBuildPhase section */

/* Begin PBXShellScriptBuildPhase section */
		3A0B5F786FF4EEE06A55A751 /* [CP] Check Pods Manifest.lock */ = {
			isa = PBXShellScriptBuildPhase;
			buildActionMask = 2147483647;
			files = (
			);
			inputFileListPaths = (
			);
			inputPaths = (
				"${PODS_PODFILE_DIR_PATH}/Podfile.lock",
				"${PODS_ROOT}/Manifest.lock",
			);
			name = "[CP] Check Pods Manifest.lock";
			outputFileListPaths = (
			);
			outputPaths = (
				"$(DERIVED_FILE_DIR)/Pods-Yummie-checkManifestLockResult.txt",
			);
			runOnlyForDeploymentPostprocessing = 0;
			shellPath = /bin/sh;
			shellScript = "diff \"${PODS_PODFILE_DIR_PATH}/Podfile.lock\" \"${PODS_ROOT}/Manifest.lock\" > /dev/null\nif [ $? != 0 ] ; then\n    # print error to STDERR\n    echo \"error: The sandbox is not in sync with the Podfile.lock. Run 'pod install' or update your CocoaPods installation.\" >&2\n    exit 1\nfi\n# This output is used by Xcode 'outputs' to avoid re-running this script phase.\necho \"SUCCESS\" > \"${SCRIPT_OUTPUT_FILE_0}\"\n";
			showEnvVarsInLog = 0;
		};
		ABC8070321F7418A64900BE5 /* [CP] Embed Pods Frameworks */ = {
			isa = PBXShellScriptBuildPhase;
			buildActionMask = 2147483647;
			files = (
			);
			inputFileListPaths = (
				"${PODS_ROOT}/Target Support Files/Pods-Yummie/Pods-Yummie-frameworks-${CONFIGURATION}-input-files.xcfilelist",
			);
			name = "[CP] Embed Pods Frameworks";
			outputFileListPaths = (
				"${PODS_ROOT}/Target Support Files/Pods-Yummie/Pods-Yummie-frameworks-${CONFIGURATION}-output-files.xcfilelist",
			);
			runOnlyForDeploymentPostprocessing = 0;
			shellPath = /bin/sh;
			shellScript = "\"${PODS_ROOT}/Target Support Files/Pods-Yummie/Pods-Yummie-frameworks.sh\"\n";
			showEnvVarsInLog = 0;
		};
/* End PBXShellScriptBuildPhase section */

/* Begin PBXSourcesBuildPhase section */
		56AA4A402C35907200F2A0B0 /* Sources */ = {
			isa = PBXSourcesBuildPhase;
			buildActionMask = 2147483647;
			files = (
				56AA4A522C35907200F2A0B0 /* Yummie.xcdatamodeld in Sources */,
				564880662C3620F3002CBEDF /* HomeViewModel.swift in Sources */,
				5648805C2C361E35002CBEDF /* NetworkError.swift in Sources */,
				564880532C36106E002CBEDF /* String+Extension.swift in Sources */,
				565757B92C374A8900463FCB /* ChefSpecialCollectionViewCell.swift in Sources */,
				565757BD2C3764E800463FCB /* MealDetailViewController.swift in Sources */,
				56AA4A632C359B9E00F2A0B0 /* OnboardingViewController.swift in Sources */,
				564880622C361ED0002CBEDF /* APIRouter.swift in Sources */,
				5648805A2C361E0C002CBEDF /* AppCommon.swift in Sources */,
				56AA4A482C35907200F2A0B0 /* AppDelegate.swift in Sources */,
				565757C22C3769D900463FCB /* MealDetailViewModel.swift in Sources */,
				561E6C6F2C3706A8000C2367 /* DishesCollectionViewCell.swift in Sources */,
				56AA4A6E2C35B87E00F2A0B0 /* HomeViewController.swift in Sources */,
				565757BF2C3766A400463FCB /* UIViewController+Extension.swift in Sources */,
				5648804D2C360969002CBEDF /* CategoryCollectionViewCell.swift in Sources */,
				5648805E2C361EAD002CBEDF /* APIClient.swift in Sources */,
				564880512C360AFD002CBEDF /* DishCategoryModel.swift in Sources */,
				56AA4A662C359EB400F2A0B0 /* UIView+Extension.swift in Sources */,
				56AA4A692C35A1DF00F2A0B0 /* OnboardingSlide.swift in Sources */,
				56AA4A6B2C35A49F00F2A0B0 /* OnboardingCollectionViewCell.swift in Sources */,
				5675AB4B2C3836BB004BEF2C /* MealTableViewCell.swift in Sources */,
				564880602C361EC2002CBEDF /* K.swift in Sources */,
				564880562C36170A002CBEDF /* CardView.swift in Sources */,
				5675AB4F2C383B2F004BEF2C /* ListDishesViewController.swift in Sources */,
				56AA4A4A2C35907200F2A0B0 /* SceneDelegate.swift in Sources */,
			);
			runOnlyForDeploymentPostprocessing = 0;
		};
/* End PBXSourcesBuildPhase section */

/* Begin PBXVariantGroup section */
		56AA4A4D2C35907200F2A0B0 /* Main.storyboard */ = {
			isa = PBXVariantGroup;
			children = (
				56AA4A4E2C35907200F2A0B0 /* Base */,
			);
			name = Main.storyboard;
			sourceTree = "<group>";
		};
		56AA4A552C35907300F2A0B0 /* LaunchScreen.storyboard */ = {
			isa = PBXVariantGroup;
			children = (
				56AA4A562C35907300F2A0B0 /* Base */,
			);
			name = LaunchScreen.storyboard;
			sourceTree = "<group>";
		};
/* End PBXVariantGroup section */

/* Begin XCBuildConfiguration section */
		56AA4A592C35907300F2A0B0 /* Debug */ = {
			isa = XCBuildConfiguration;
			buildSettings = {
				ALWAYS_SEARCH_USER_PATHS = NO;
				CLANG_ANALYZER_NONNULL = YES;
				CLANG_ANALYZER_NUMBER_OBJECT_CONVERSION = YES_AGGRESSIVE;
				CLANG_CXX_LANGUAGE_STANDARD = "gnu++20";
				CLANG_ENABLE_MODULES = YES;
				CLANG_ENABLE_OBJC_ARC = YES;
				CLANG_ENABLE_OBJC_WEAK = YES;
				CLANG_WARN_BLOCK_CAPTURE_AUTORELEASING = YES;
				CLANG_WARN_BOOL_CONVERSION = YES;
				CLANG_WARN_COMMA = YES;
				CLANG_WARN_CONSTANT_CONVERSION = YES;
				CLANG_WARN_DEPRECATED_OBJC_IMPLEMENTATIONS = YES;
				CLANG_WARN_DIRECT_OBJC_ISA_USAGE = YES_ERROR;
				CLANG_WARN_DOCUMENTATION_COMMENTS = YES;
				CLANG_WARN_EMPTY_BODY = YES;
				CLANG_WARN_ENUM_CONVERSION = YES;
				CLANG_WARN_INFINITE_RECURSION = YES;
				CLANG_WARN_INT_CONVERSION = YES;
				CLANG_WARN_NON_LITERAL_NULL_CONVERSION = YES;
				CLANG_WARN_OBJC_IMPLICIT_RETAIN_SELF = YES;
				CLANG_WARN_OBJC_LITERAL_CONVERSION = YES;
				CLANG_WARN_OBJC_ROOT_CLASS = YES_ERROR;
				CLANG_WARN_QUOTED_INCLUDE_IN_FRAMEWORK_HEADER = YES;
				CLANG_WARN_RANGE_LOOP_ANALYSIS = YES;
				CLANG_WARN_STRICT_PROTOTYPES = YES;
				CLANG_WARN_SUSPICIOUS_MOVE = YES;
				CLANG_WARN_UNGUARDED_AVAILABILITY = YES_AGGRESSIVE;
				CLANG_WARN_UNREACHABLE_CODE = YES;
				CLANG_WARN__DUPLICATE_METHOD_MATCH = YES;
				COPY_PHASE_STRIP = NO;
				DEBUG_INFORMATION_FORMAT = dwarf;
				ENABLE_STRICT_OBJC_MSGSEND = YES;
				ENABLE_TESTABILITY = YES;
				GCC_C_LANGUAGE_STANDARD = gnu11;
				GCC_DYNAMIC_NO_PIC = NO;
				GCC_NO_COMMON_BLOCKS = YES;
				GCC_OPTIMIZATION_LEVEL = 0;
				GCC_PREPROCESSOR_DEFINITIONS = (
					"DEBUG=1",
					"$(inherited)",
				);
				GCC_WARN_64_TO_32_BIT_CONVERSION = YES;
				GCC_WARN_ABOUT_RETURN_TYPE = YES_ERROR;
				GCC_WARN_UNDECLARED_SELECTOR = YES;
				GCC_WARN_UNINITIALIZED_AUTOS = YES_AGGRESSIVE;
				GCC_WARN_UNUSED_FUNCTION = YES;
				GCC_WARN_UNUSED_VARIABLE = YES;
				IPHONEOS_DEPLOYMENT_TARGET = 16.2;
				MTL_ENABLE_DEBUG_INFO = INCLUDE_SOURCE;
				MTL_FAST_MATH = YES;
				ONLY_ACTIVE_ARCH = YES;
				SDKROOT = iphoneos;
				SWIFT_ACTIVE_COMPILATION_CONDITIONS = DEBUG;
				SWIFT_OPTIMIZATION_LEVEL = "-Onone";
			};
			name = Debug;
		};
		56AA4A5A2C35907300F2A0B0 /* Release */ = {
			isa = XCBuildConfiguration;
			buildSettings = {
				ALWAYS_SEARCH_USER_PATHS = NO;
				CLANG_ANALYZER_NONNULL = YES;
				CLANG_ANALYZER_NUMBER_OBJECT_CONVERSION = YES_AGGRESSIVE;
				CLANG_CXX_LANGUAGE_STANDARD = "gnu++20";
				CLANG_ENABLE_MODULES = YES;
				CLANG_ENABLE_OBJC_ARC = YES;
				CLANG_ENABLE_OBJC_WEAK = YES;
				CLANG_WARN_BLOCK_CAPTURE_AUTORELEASING = YES;
				CLANG_WARN_BOOL_CONVERSION = YES;
				CLANG_WARN_COMMA = YES;
				CLANG_WARN_CONSTANT_CONVERSION = YES;
				CLANG_WARN_DEPRECATED_OBJC_IMPLEMENTATIONS = YES;
				CLANG_WARN_DIRECT_OBJC_ISA_USAGE = YES_ERROR;
				CLANG_WARN_DOCUMENTATION_COMMENTS = YES;
				CLANG_WARN_EMPTY_BODY = YES;
				CLANG_WARN_ENUM_CONVERSION = YES;
				CLANG_WARN_INFINITE_RECURSION = YES;
				CLANG_WARN_INT_CONVERSION = YES;
				CLANG_WARN_NON_LITERAL_NULL_CONVERSION = YES;
				CLANG_WARN_OBJC_IMPLICIT_RETAIN_SELF = YES;
				CLANG_WARN_OBJC_LITERAL_CONVERSION = YES;
				CLANG_WARN_OBJC_ROOT_CLASS = YES_ERROR;
				CLANG_WARN_QUOTED_INCLUDE_IN_FRAMEWORK_HEADER = YES;
				CLANG_WARN_RANGE_LOOP_ANALYSIS = YES;
				CLANG_WARN_STRICT_PROTOTYPES = YES;
				CLANG_WARN_SUSPICIOUS_MOVE = YES;
				CLANG_WARN_UNGUARDED_AVAILABILITY = YES_AGGRESSIVE;
				CLANG_WARN_UNREACHABLE_CODE = YES;
				CLANG_WARN__DUPLICATE_METHOD_MATCH = YES;
				COPY_PHASE_STRIP = NO;
				DEBUG_INFORMATION_FORMAT = "dwarf-with-dsym";
				ENABLE_NS_ASSERTIONS = NO;
				ENABLE_STRICT_OBJC_MSGSEND = YES;
				GCC_C_LANGUAGE_STANDARD = gnu11;
				GCC_NO_COMMON_BLOCKS = YES;
				GCC_WARN_64_TO_32_BIT_CONVERSION = YES;
				GCC_WARN_ABOUT_RETURN_TYPE = YES_ERROR;
				GCC_WARN_UNDECLARED_SELECTOR = YES;
				GCC_WARN_UNINITIALIZED_AUTOS = YES_AGGRESSIVE;
				GCC_WARN_UNUSED_FUNCTION = YES;
				GCC_WARN_UNUSED_VARIABLE = YES;
				IPHONEOS_DEPLOYMENT_TARGET = 16.2;
				MTL_ENABLE_DEBUG_INFO = NO;
				MTL_FAST_MATH = YES;
				SDKROOT = iphoneos;
				SWIFT_COMPILATION_MODE = wholemodule;
				SWIFT_OPTIMIZATION_LEVEL = "-O";
				VALIDATE_PRODUCT = YES;
			};
			name = Release;
		};
		56AA4A5C2C35907300F2A0B0 /* Debug */ = {
			isa = XCBuildConfiguration;
			baseConfigurationReference = EF6E99E1397E4B885EF6DD93 /* Pods-Yummie.debug.xcconfig */;
			buildSettings = {
				ASSETCATALOG_COMPILER_APPICON_NAME = AppIcon;
				ASSETCATALOG_COMPILER_GLOBAL_ACCENT_COLOR_NAME = AccentColor;
				CODE_SIGN_STYLE = Automatic;
				CURRENT_PROJECT_VERSION = 1;
				GENERATE_INFOPLIST_FILE = YES;
				INFOPLIST_FILE = Yummie/Info.plist;
				INFOPLIST_KEY_UIApplicationSupportsIndirectInputEvents = YES;
				INFOPLIST_KEY_UILaunchStoryboardName = LaunchScreen;
				INFOPLIST_KEY_UIMainStoryboardFile = Main;
				INFOPLIST_KEY_UISupportedInterfaceOrientations_iPad = "UIInterfaceOrientationPortrait UIInterfaceOrientationPortraitUpsideDown UIInterfaceOrientationLandscapeLeft UIInterfaceOrientationLandscapeRight";
				INFOPLIST_KEY_UISupportedInterfaceOrientations_iPhone = "UIInterfaceOrientationPortrait UIInterfaceOrientationLandscapeLeft UIInterfaceOrientationLandscapeRight";
				LD_RUNPATH_SEARCH_PATHS = (
					"$(inherited)",
					"@executable_path/Frameworks",
				);
				MARKETING_VERSION = 1.0;
				PRODUCT_BUNDLE_IDENTIFIER = iti.Yummie;
				PRODUCT_NAME = "$(TARGET_NAME)";
				SWIFT_EMIT_LOC_STRINGS = YES;
				SWIFT_VERSION = 5.0;
				TARGETED_DEVICE_FAMILY = "1,2";
			};
			name = Debug;
		};
		56AA4A5D2C35907300F2A0B0 /* Release */ = {
			isa = XCBuildConfiguration;
			baseConfigurationReference = EEF87ECB783CC4C89298360C /* Pods-Yummie.release.xcconfig */;
			buildSettings = {
				ASSETCATALOG_COMPILER_APPICON_NAME = AppIcon;
				ASSETCATALOG_COMPILER_GLOBAL_ACCENT_COLOR_NAME = AccentColor;
				CODE_SIGN_STYLE = Automatic;
				CURRENT_PROJECT_VERSION = 1;
				GENERATE_INFOPLIST_FILE = YES;
				INFOPLIST_FILE = Yummie/Info.plist;
				INFOPLIST_KEY_UIApplicationSupportsIndirectInputEvents = YES;
				INFOPLIST_KEY_UILaunchStoryboardName = LaunchScreen;
				INFOPLIST_KEY_UIMainStoryboardFile = Main;
				INFOPLIST_KEY_UISupportedInterfaceOrientations_iPad = "UIInterfaceOrientationPortrait UIInterfaceOrientationPortraitUpsideDown UIInterfaceOrientationLandscapeLeft UIInterfaceOrientationLandscapeRight";
				INFOPLIST_KEY_UISupportedInterfaceOrientations_iPhone = "UIInterfaceOrientationPortrait UIInterfaceOrientationLandscapeLeft UIInterfaceOrientationLandscapeRight";
				LD_RUNPATH_SEARCH_PATHS = (
					"$(inherited)",
					"@executable_path/Frameworks",
				);
				MARKETING_VERSION = 1.0;
				PRODUCT_BUNDLE_IDENTIFIER = iti.Yummie;
				PRODUCT_NAME = "$(TARGET_NAME)";
				SWIFT_EMIT_LOC_STRINGS = YES;
				SWIFT_VERSION = 5.0;
				TARGETED_DEVICE_FAMILY = "1,2";
			};
			name = Release;
		};
/* End XCBuildConfiguration section */

/* Begin XCConfigurationList section */
		56AA4A3F2C35907200F2A0B0 /* Build configuration list for PBXProject "Yummie" */ = {
			isa = XCConfigurationList;
			buildConfigurations = (
				56AA4A592C35907300F2A0B0 /* Debug */,
				56AA4A5A2C35907300F2A0B0 /* Release */,
			);
			defaultConfigurationIsVisible = 0;
			defaultConfigurationName = Release;
		};
		56AA4A5B2C35907300F2A0B0 /* Build configuration list for PBXNativeTarget "Yummie" */ = {
			isa = XCConfigurationList;
			buildConfigurations = (
				56AA4A5C2C35907300F2A0B0 /* Debug */,
				56AA4A5D2C35907300F2A0B0 /* Release */,
			);
			defaultConfigurationIsVisible = 0;
			defaultConfigurationName = Release;
		};
/* End XCConfigurationList section */

/* Begin XCVersionGroup section */
		56AA4A502C35907200F2A0B0 /* Yummie.xcdatamodeld */ = {
			isa = XCVersionGroup;
			children = (
				56AA4A512C35907200F2A0B0 /* Yummie.xcdatamodel */,
			);
			currentVersion = 56AA4A512C35907200F2A0B0 /* Yummie.xcdatamodel */;
			path = Yummie.xcdatamodeld;
			sourceTree = "<group>";
			versionGroupType = wrapper.xcdatamodel;
		};
/* End XCVersionGroup section */
	};
	rootObject = 56AA4A3C2C35907200F2A0B0 /* Project object */;
}
